{
  "version": 1,
  "dependencies": {
    "net8.0": {
      "EPPlus": {
        "type": "Direct",
        "requested": "[8.2.0, )",
        "resolved": "8.2.0",
        "contentHash": "UFAjVAP4UyR9rPL/adHw1uezX1gDbt2mM7Bkb7cMmqbw51y0HFKyLoHpsjvNzKRL/u05vW4pHJAmkuvrPBcgSw==",
        "dependencies": {
          "EPPlus.Interfaces": "8.1.0",
          "Microsoft.Extensions.Configuration.Json": "8.0.1",
          "Microsoft.IO.RecyclableMemoryStream": "3.0.1",
          "System.ComponentModel.Annotations": "5.0.0",
          "System.Security.Cryptography.Pkcs": "8.0.1",
          "System.Security.Cryptography.Xml": "8.0.2",
          "System.Text.Encoding.CodePages": "8.0.0"
        }
      },
      "Microsoft.Extensions.Configuration.Binder": {
        "type": "Direct",
        "requested": "[9.0.9, )",
        "resolved": "9.0.9",
        "contentHash": "6SIp/6Bngk4jm2W36JekZbiIbFPdE/eMUtrJEqIqHGpd1zar3jvgnwxnpWQfzUiGrkyY8q8s6V82zkkEZozghA==",
        "dependencies": {
          "Microsoft.Extensions.Configuration.Abstractions": "9.0.9"
        }
      },
      "Microsoft.Extensions.Options": {
        "type": "Direct",
        "requested": "[9.0.9, )",
        "resolved": "9.0.9",
        "contentHash": "loxGGHE1FC2AefwPHzrjPq7X92LQm64qnU/whKfo6oWaceewPUVYQJBJs3S3E2qlWwnCpeZ+dGCPTX+5dgVAuQ==",
        "dependencies": {
          "Microsoft.Extensions.DependencyInjection.Abstractions": "9.0.9",
          "Microsoft.Extensions.Primitives": "9.0.9"
        }
      },
      "Microsoft.SourceLink.GitHub": {
        "type": "Direct",
        "requested": "[8.0.0, )",
        "resolved": "8.0.0",
        "contentHash": "G5q7OqtwIyGTkeIOAc3u2ZuV/kicQaec5EaRnc0pIeSnh9LUjj+PYQrJYBURvDt7twGl2PKA7nSN0kz1Zw5bnQ==",
        "dependencies": {
          "Microsoft.Build.Tasks.Git": "8.0.0",
          "Microsoft.SourceLink.Common": "8.0.0"
        }
      },
      "Npgsql": {
        "type": "Direct",
        "requested": "[9.0.3, )",
        "resolved": "9.0.3",
        "contentHash": "tPvY61CxOAWxNsKLEBg+oR646X4Bc8UmyQ/tJszL/7mEmIXQnnBhVJZrZEEUv0Bstu0mEsHZD5At3EO8zQRAYw==",
        "dependencies": {
          "Microsoft.Extensions.Logging.Abstractions": "8.0.2"
        }
      },
      "EPPlus.Interfaces": {
        "type": "Transitive",
        "resolved": "8.1.0",
        "contentHash": "Nfc7ehsn8Sb8Ed8KYYuOxqt8gWqmy2Vhts5nfLMw3zISi+aZFwyW+k9s3FOpVuW91VDSrhVAId9brYtz9NnmKA=="
      },
      "Microsoft.Build.Tasks.Git": {
        "type": "Transitive",
        "resolved": "8.0.0",
        "contentHash": "bZKfSIKJRXLTuSzLudMFte/8CempWjVamNUR5eHJizsy+iuOuO/k2gnh7W0dHJmYY0tBf+gUErfluCv5mySAOQ=="
      },
      "Microsoft.Extensions.Configuration": {
        "type": "Transitive",
        "resolved": "8.0.0",
        "contentHash": "0J/9YNXTMWSZP2p2+nvl8p71zpSwokZXZuJW+VjdErkegAnFdO1XlqtA62SJtgVYHdKu3uPxJHcMR/r35HwFBA==",
        "dependencies": {
          "Microsoft.Extensions.Configuration.Abstractions": "8.0.0",
          "Microsoft.Extensions.Primitives": "8.0.0"
        }
      },
      "Microsoft.Extensions.Configuration.Abstractions": {
        "type": "Transitive",
        "resolved": "9.0.9",
        "contentHash": "p5RKAY9POvs3axwA/AQRuJeM8AHuE8h4qbP1NxQeGm0ep46aXz1oCLAp/oOYxX1GsjStgdhHrN3XXLLXr0+b3w==",
        "dependencies": {
          "Microsoft.Extensions.Primitives": "9.0.9"
        }
      },
      "Microsoft.Extensions.Configuration.FileExtensions": {
        "type": "Transitive",
        "resolved": "8.0.1",
        "contentHash": "EJzSNO9oaAXnTdtdNO6npPRsIIeZCBSNmdQ091VDO7fBiOtJAAeEq6dtrVXIi3ZyjC5XRSAtVvF8SzcneRHqKQ==",
        "dependencies": {
          "Microsoft.Extensions.Configuration": "8.0.0",
          "Microsoft.Extensions.Configuration.Abstractions": "8.0.0",
          "Microsoft.Extensions.FileProviders.Abstractions": "8.0.0",
          "Microsoft.Extensions.FileProviders.Physical": "8.0.0",
          "Microsoft.Extensions.Primitives": "8.0.0"
        }
      },
      "Microsoft.Extensions.Configuration.Json": {
        "type": "Transitive",
        "resolved": "8.0.1",
        "contentHash": "L89DLNuimOghjV3tLx0ArFDwVEJD6+uGB3BMCMX01kaLzXkaXHb2021xOMl2QOxUxbdePKUZsUY7n2UUkycjRg==",
        "dependencies": {
          "Microsoft.Extensions.Configuration": "8.0.0",
          "Microsoft.Extensions.Configuration.Abstractions": "8.0.0",
          "Microsoft.Extensions.Configuration.FileExtensions": "8.0.1",
          "Microsoft.Extensions.FileProviders.Abstractions": "8.0.0"
        }
      },
      "Microsoft.Extensions.DependencyInjection.Abstractions": {
        "type": "Transitive",
        "resolved": "9.0.9",
        "contentHash": "/hymojfWbE9AlDOa0mczR44m00Jj+T3+HZO0ZnVTI032fVycI0ZbNOVFP6kqZMcXiLSYXzR2ilcwaRi6dzeGyA=="
      },
      "Microsoft.Extensions.FileProviders.Abstractions": {
        "type": "Transitive",
        "resolved": "8.0.0",
        "contentHash": "ZbaMlhJlpisjuWbvXr4LdAst/1XxH3vZ6A0BsgTphZ2L4PGuxRLz7Jr/S7mkAAnOn78Vu0fKhEgNF5JO3zfjqQ==",
        "dependencies": {
          "Microsoft.Extensions.Primitives": "8.0.0"
        }
      },
      "Microsoft.Extensions.FileProviders.Physical": {
        "type": "Transitive",
        "resolved": "8.0.0",
        "contentHash": "UboiXxpPUpwulHvIAVE36Knq0VSHaAmfrFkegLyBZeaADuKezJ/AIXYAW8F5GBlGk/VaibN2k/Zn1ca8YAfVdA==",
        "dependencies": {
          "Microsoft.Extensions.FileProviders.Abstractions": "8.0.0",
          "Microsoft.Extensions.FileSystemGlobbing": "8.0.0",
          "Microsoft.Extensions.Primitives": "8.0.0"
        }
      },
      "Microsoft.Extensions.FileSystemGlobbing": {
        "type": "Transitive",
        "resolved": "8.0.0",
        "contentHash": "OK+670i7esqlQrPjdIKRbsyMCe9g5kSLpRRQGSr4Q58AOYEe/hCnfLZprh7viNisSUUQZmMrbbuDaIrP+V1ebQ=="
      },
      "Microsoft.Extensions.Logging.Abstractions": {
        "type": "Transitive",
        "resolved": "8.0.2",
        "contentHash": "nroMDjS7hNBPtkZqVBbSiQaQjWRDxITI8Y7XnDs97rqG3EbzVTNLZQf7bIeUJcaHOV8bca47s1Uxq94+2oGdxA==",
        "dependencies": {
          "Microsoft.Extensions.DependencyInjection.Abstractions": "8.0.2"
        }
      },
      "Microsoft.Extensions.Primitives": {
        "type": "Transitive",
        "resolved": "9.0.9",
        "contentHash": "z4pyMePOrl733ltTowbN565PxBw1oAr8IHmIXNDiDqd22nFpYltX9KhrNC/qBWAG1/Zx5MHX+cOYhWJQYCO/iw=="
      },
      "Microsoft.IdentityModel.Abstractions": {
        "type": "Transitive",
        "resolved": "7.5.1",
        "contentHash": "PT16ZFbPIiMsYv07oy3zOjqUOJ7xutGBkJTOX0+IbNyU6+O6X7aIxjq9EaSSRLWbekRgamgtmfg8Xjw6A6Ua9g=="
      },
      "Microsoft.IdentityModel.JsonWebTokens": {
        "type": "Transitive",
        "resolved": "7.5.1",
        "contentHash": "93CGSa8RPdZU8zfvA3nf9NGKUqEnQrE12VzYlMqKh72ddhzusosqLNEUgH/YhFWBLRFOnY1RCgHMV7pR+sAx2w==",
        "dependencies": {
          "Microsoft.IdentityModel.Tokens": "7.5.1"
        }
      },
      "Microsoft.IdentityModel.Logging": {
        "type": "Transitive",
        "resolved": "7.5.1",
        "contentHash": "PnpAQX20BAiDIPYmWUyQSlEaWD8BLXzHpiDGTCT568Cs0ReOeyzNe401LzCeiv6ilug/KefVeV1CeqtCHTo8dw==",
        "dependencies": {
          "Microsoft.IdentityModel.Abstractions": "7.5.1"
        }
      },
      "Microsoft.IdentityModel.Tokens": {
        "type": "Transitive",
        "resolved": "7.5.1",
        "contentHash": "Q3DKpyFViP84IUlTFKH/zIkswIrmSh2Vd/eFDo4wlOHy4DYxoweZEEw4kDEiKt9VCX6o7SddK3HK2xDYyFpexA==",
        "dependencies": {
          "Microsoft.IdentityModel.Logging": "7.5.1"
        }
      },
      "Microsoft.IO.RecyclableMemoryStream": {
        "type": "Transitive",
        "resolved": "3.0.1",
        "contentHash": "s/s20YTVY9r9TPfTrN5g8zPF1YhwxyqO6PxUkrYTGI2B+OGPe9AdajWZrLhFqXIvqIW23fnUE4+ztrUWNU1+9g=="
      },
      "Microsoft.SourceLink.Common": {
        "type": "Transitive",
        "resolved": "8.0.0",
        "contentHash": "dk9JPxTCIevS75HyEQ0E4OVAFhB2N+V9ShCXf8Q6FkUQZDkgLI12y679Nym1YqsiSysuQskT7Z+6nUf3yab6Vw=="
      },
      "MimeMapping": {
        "type": "Transitive",
        "resolved": "3.0.1",
        "contentHash": "lhYcUVnWKaqrboAwi05YLCx3wdluM9Sr1Mv5Emhgc8c8yNVvdiSEnQJMdDvgb4grlYTaOmbnhYaezoeateX95w=="
      },
      "Newtonsoft.Json": {
        "type": "Transitive",
        "resolved": "13.0.3",
        "contentHash": "HrC5BXdl00IP9zeV+0Z848QWPAoCr9P3bDEZguI+gkLcBKAOxix/tLEAAHC+UvDNPv4a2d18lOReHMOagPa+zQ=="
      },
      "Supabase": {
        "type": "Transitive",
        "resolved": "1.1.1",
        "contentHash": "LW9O05IiZBW3YUDT/gndPKvzT3I7PVgx0j87+AdJu7mT42m7oh2nOnjuDR9pU0E9FE2Ke/QGovrH/u5OjGn7lg==",
        "dependencies": {
          "Newtonsoft.Json": "13.0.3",
          "Supabase.Core": "1.0.0",
          "Supabase.Functions": "2.0.0",
          "Supabase.Gotrue": "6.0.3",
          "Supabase.Postgrest": "4.0.3",
          "Supabase.Realtime": "7.0.2",
          "Supabase.Storage": "2.0.2"
        }
      },
      "Supabase.Core": {
        "type": "Transitive",
        "resolved": "1.0.0",
        "contentHash": "fJK3Kfq1alw53AGWHBr+dhPu+BUR5dKuBjGhcxrFRVdsFFFWSD5iPIdTYi0CUQDA2b1OjGudYL1xd51yp4hU9Q=="
      },
      "Supabase.Functions": {
        "type": "Transitive",
        "resolved": "2.0.0",
        "contentHash": "rc6zlo6XFkQw/B9fEgwpXHtmNPrnnHmtc96PTbviBJ9lzqPT/Un/G3V9MltlORtnG2RLkLvvS/t2AXAO8m2SCQ==",
        "dependencies": {
          "Newtonsoft.Json": "13.0.3",
          "Supabase.Core": "1.0.0"
        }
      },
      "Supabase.Gotrue": {
        "type": "Transitive",
        "resolved": "6.0.3",
        "contentHash": "8dkg000ib95bJm0ffDPUrALrefBHrkiqcolNjuUEStF2TeytPbV+OtOUJAMBOqZ2f1nsCY61Ck/7NOmOyGteDw==",
        "dependencies": {
          "Newtonsoft.Json": "13.0.3",
          "Supabase.Core": "1.0.0",
          "System.IdentityModel.Tokens.Jwt": "7.5.1"
        }
      },
      "Supabase.Postgrest": {
        "type": "Transitive",
        "resolved": "4.0.3",
        "contentHash": "hpDIh+E5bDgZiHMuM6l+RDm9WWlt/T3fXXFQoqzlsrJFesFMNzkK9feVBG5egJyL/OlwmxuLsnPkR7O+bV3Vcw==",
        "dependencies": {
          "Newtonsoft.Json": "13.0.3",
          "Supabase.Core": "1.0.0"
        }
      },
      "Supabase.Realtime": {
        "type": "Transitive",
        "resolved": "7.0.2",
        "contentHash": "9nwlR9RR+uyD63VUaiqAPsd76NaeM6ORAHq7otc4G34RzBtf6aqjPg9IF6d1DGIk78/lJP31+D4NJmQhl3PkJQ==",
        "dependencies": {
          "Newtonsoft.Json": "13.0.3",
          "Supabase.Core": "1.0.0",
          "Supabase.Postgrest": "4.0.3",
          "Websocket.Client": "5.1.1"
        }
      },
      "Supabase.Storage": {
        "type": "Transitive",
        "resolved": "2.0.2",
        "contentHash": "YKxgwVgLjxi32ze29FT8aSLifiTVSZSxSyI9taOewp6wuxh+aMIPLKWtGEhFhegLv2iFwGcZ3ybMDkCi6RB7Rw==",
        "dependencies": {
          "MimeMapping": "3.0.1",
          "Newtonsoft.Json": "13.0.3",
          "Supabase.Core": "1.0.0"
        }
      },
      "System.ComponentModel.Annotations": {
        "type": "Transitive",
        "resolved": "5.0.0",
        "contentHash": "dMkqfy2el8A8/I76n2Hi1oBFEbG1SfxD2l5nhwXV3XjlnOmwxJlQbYpJH4W51odnU9sARCSAgv7S3CyAFMkpYg=="
      },
      "System.IdentityModel.Tokens.Jwt": {
        "type": "Transitive",
        "resolved": "7.5.1",
        "contentHash": "UUw+E0R73lZLlXgneYIJQxNs1kfbcxjVzw64JQyiwjqCd4HMpAbjn+xRo86QZT84uHq8/MkqvfH82tgjgPzpuw==",
        "dependencies": {
          "Microsoft.IdentityModel.JsonWebTokens": "7.5.1",
          "Microsoft.IdentityModel.Tokens": "7.5.1"
        }
      },
      "System.Reactive": {
        "type": "Transitive",
        "resolved": "6.0.0",
        "contentHash": "31kfaW4ZupZzPsI5PVe77VhnvFF55qgma7KZr/E0iFTs6fmdhhG8j0mgEx620iLTey1EynOkEfnyTjtNEpJzGw=="
      },
      "System.Security.Cryptography.Pkcs": {
        "type": "Transitive",
        "resolved": "8.0.1",
        "contentHash": "CoCRHFym33aUSf/NtWSVSZa99dkd0Hm7OCZUxORBjRB16LNhIEOf8THPqzIYlvKM0nNDAPTRBa1FxEECrgaxxA=="
      },
      "System.Security.Cryptography.Xml": {
        "type": "Transitive",
        "resolved": "8.0.2",
        "contentHash": "aDM/wm0ZGEZ6ZYJLzgqjp2FZdHbDHh6/OmpGfb7AdZ105zYmPn/83JRU2xLIbwgoNz9U1SLUTJN0v5th3qmvjA==",
        "dependencies": {
          "System.Security.Cryptography.Pkcs": "8.0.1"
        }
      },
      "System.Text.Encoding.CodePages": {
        "type": "Transitive",
        "resolved": "8.0.0",
        "contentHash": "OZIsVplFGaVY90G2SbpgU7EnCoOO5pw1t4ic21dBF3/1omrJFpAGoNAVpPyMVOC90/hvgkGG3VFqR13YgZMQfg=="
      },
      "System.Threading.Channels": {
        "type": "Transitive",
        "resolved": "8.0.0",
        "contentHash": "CMaFr7v+57RW7uZfZkPExsPB6ljwzhjACWW1gfU35Y56rk72B/Wu+sTqxVmGSk4SFUlPc3cjeKND0zktziyjBA=="
      },
      "Websocket.Client": {
        "type": "Transitive",
        "resolved": "5.1.1",
        "contentHash": "VpQV6b8HRnw6bFFIPTOOMtOxba3/viH9K2U2LdOYNjQ2b2HrLHxjodmJr3nPwyNSrtrRPr1RDwOMJ5qqlPnCVg==",
        "dependencies": {
          "Microsoft.Extensions.Logging.Abstractions": "8.0.0",
          "Microsoft.IO.RecyclableMemoryStream": "3.0.0",
          "System.Reactive": "6.0.0",
          "System.Threading.Channels": "8.0.0"
        }
      },
      "kdx.contracts": {
        "type": "Project",
        "dependencies": {
          "Npgsql": "[9.0.3, )"
        }
      },
      "kdx.core": {
        "type": "Project",
        "dependencies": {
          "Kdx.Contracts": "[3.2.5, )",
          "Kdx.Infrastructure.Supabase": "[3.2.5, )",
          "Npgsql": "[9.0.3, )"
        }
      },
      "kdx.infrastructure.supabase": {
        "type": "Project",
        "dependencies": {
          "Kdx.Contracts": "[3.2.5, )",
          "Npgsql": "[9.0.3, )",
          "Supabase": "[1.1.1, )"
        }
      }
    }
  }
}