{
  "version": 1,
  "dependencies": {
    "net8.0": {
      "Microsoft.SourceLink.GitHub": {
        "type": "Direct",
        "requested": "[8.0.0, )",
        "resolved": "8.0.0",
        "contentHash": "G5q7OqtwIyGTkeIOAc3u2ZuV/kicQaec5EaRnc0pIeSnh9LUjj+PYQrJYBURvDt7twGl2PKA7nSN0kz1Zw5bnQ==",
        "dependencies": {
          "Microsoft.Build.Tasks.Git": "8.0.0",
          "Microsoft.SourceLink.Common": "8.0.0"
        }
      },
      "Npgsql": {
        "type": "Direct",
        "requested": "[9.0.3, )",
        "resolved": "9.0.3",
        "contentHash": "tPvY61CxOAWxNsKLEBg+oR646X4Bc8UmyQ/tJszL/7mEmIXQnnBhVJZrZEEUv0Bstu0mEsHZD5At3EO8zQRAYw==",
        "dependencies": {
          "Microsoft.Extensions.Logging.Abstractions": "8.0.2"
        }
      },
      "Microsoft.Build.Tasks.Git": {
        "type": "Transitive",
        "resolved": "8.0.0",
        "contentHash": "bZKfSIKJRXLTuSzLudMFte/8CempWjVamNUR5eHJizsy+iuOuO/k2gnh7W0dHJmYY0tBf+gUErfluCv5mySAOQ=="
      },
      "Microsoft.Extensions.DependencyInjection.Abstractions": {
        "type": "Transitive",
        "resolved": "8.0.2",
        "contentHash": "3iE7UF7MQkCv1cxzCahz+Y/guQbTqieyxyaWKhrRO91itI9cOKO76OHeQDahqG4MmW5umr3CcCvGmK92lWNlbg=="
      },
      "Microsoft.Extensions.Logging.Abstractions": {
        "type": "Transitive",
        "resolved": "8.0.2",
        "contentHash": "nroMDjS7hNBPtkZqVBbSiQaQjWRDxITI8Y7XnDs97rqG3EbzVTNLZQf7bIeUJcaHOV8bca47s1Uxq94+2oGdxA==",
        "dependencies": {
          "Microsoft.Extensions.DependencyInjection.Abstractions": "8.0.2"
        }
      },
      "Microsoft.IdentityModel.Abstractions": {
        "type": "Transitive",
        "resolved": "7.5.1",
        "contentHash": "PT16ZFbPIiMsYv07oy3zOjqUOJ7xutGBkJTOX0+IbNyU6+O6X7aIxjq9EaSSRLWbekRgamgtmfg8Xjw6A6Ua9g=="
      },
      "Microsoft.IdentityModel.JsonWebTokens": {
        "type": "Transitive",
        "resolved": "7.5.1",
        "contentHash": "93CGSa8RPdZU8zfvA3nf9NGKUqEnQrE12VzYlMqKh72ddhzusosqLNEUgH/YhFWBLRFOnY1RCgHMV7pR+sAx2w==",
        "dependencies": {
          "Microsoft.IdentityModel.Tokens": "7.5.1"
        }
      },
      "Microsoft.IdentityModel.Logging": {
        "type": "Transitive",
        "resolved": "7.5.1",
        "contentHash": "PnpAQX20BAiDIPYmWUyQSlEaWD8BLXzHpiDGTCT568Cs0ReOeyzNe401LzCeiv6ilug/KefVeV1CeqtCHTo8dw==",
        "dependencies": {
          "Microsoft.IdentityModel.Abstractions": "7.5.1"
        }
      },
      "Microsoft.IdentityModel.Tokens": {
        "type": "Transitive",
        "resolved": "7.5.1",
        "contentHash": "Q3DKpyFViP84IUlTFKH/zIkswIrmSh2Vd/eFDo4wlOHy4DYxoweZEEw4kDEiKt9VCX6o7SddK3HK2xDYyFpexA==",
        "dependencies": {
          "Microsoft.IdentityModel.Logging": "7.5.1"
        }
      },
      "Microsoft.IO.RecyclableMemoryStream": {
        "type": "Transitive",
        "resolved": "3.0.0",
        "contentHash": "irv0HuqoH8Ig5i2fO+8dmDNdFdsrO+DoQcedwIlb810qpZHBNQHZLW7C/AHBQDgLLpw2T96vmMAy/aE4Yj55Sg=="
      },
      "Microsoft.SourceLink.Common": {
        "type": "Transitive",
        "resolved": "8.0.0",
        "contentHash": "dk9JPxTCIevS75HyEQ0E4OVAFhB2N+V9ShCXf8Q6FkUQZDkgLI12y679Nym1YqsiSysuQskT7Z+6nUf3yab6Vw=="
      },
      "MimeMapping": {
        "type": "Transitive",
        "resolved": "3.0.1",
        "contentHash": "lhYcUVnWKaqrboAwi05YLCx3wdluM9Sr1Mv5Emhgc8c8yNVvdiSEnQJMdDvgb4grlYTaOmbnhYaezoeateX95w=="
      },
      "Newtonsoft.Json": {
        "type": "Transitive",
        "resolved": "13.0.3",
        "contentHash": "HrC5BXdl00IP9zeV+0Z848QWPAoCr9P3bDEZguI+gkLcBKAOxix/tLEAAHC+UvDNPv4a2d18lOReHMOagPa+zQ=="
      },
      "Supabase": {
        "type": "Transitive",
        "resolved": "1.1.1",
        "contentHash": "LW9O05IiZBW3YUDT/gndPKvzT3I7PVgx0j87+AdJu7mT42m7oh2nOnjuDR9pU0E9FE2Ke/QGovrH/u5OjGn7lg==",
        "dependencies": {
          "Newtonsoft.Json": "13.0.3",
          "Supabase.Core": "1.0.0",
          "Supabase.Functions": "2.0.0",
          "Supabase.Gotrue": "6.0.3",
          "Supabase.Postgrest": "4.0.3",
          "Supabase.Realtime": "7.0.2",
          "Supabase.Storage": "2.0.2"
        }
      },
      "Supabase.Core": {
        "type": "Transitive",
        "resolved": "1.0.0",
        "contentHash": "fJK3Kfq1alw53AGWHBr+dhPu+BUR5dKuBjGhcxrFRVdsFFFWSD5iPIdTYi0CUQDA2b1OjGudYL1xd51yp4hU9Q=="
      },
      "Supabase.Functions": {
        "type": "Transitive",
        "resolved": "2.0.0",
        "contentHash": "rc6zlo6XFkQw/B9fEgwpXHtmNPrnnHmtc96PTbviBJ9lzqPT/Un/G3V9MltlORtnG2RLkLvvS/t2AXAO8m2SCQ==",
        "dependencies": {
          "Newtonsoft.Json": "13.0.3",
          "Supabase.Core": "1.0.0"
        }
      },
      "Supabase.Gotrue": {
        "type": "Transitive",
        "resolved": "6.0.3",
        "contentHash": "8dkg000ib95bJm0ffDPUrALrefBHrkiqcolNjuUEStF2TeytPbV+OtOUJAMBOqZ2f1nsCY61Ck/7NOmOyGteDw==",
        "dependencies": {
          "Newtonsoft.Json": "13.0.3",
          "Supabase.Core": "1.0.0",
          "System.IdentityModel.Tokens.Jwt": "7.5.1"
        }
      },
      "Supabase.Postgrest": {
        "type": "Transitive",
        "resolved": "4.0.3",
        "contentHash": "hpDIh+E5bDgZiHMuM6l+RDm9WWlt/T3fXXFQoqzlsrJFesFMNzkK9feVBG5egJyL/OlwmxuLsnPkR7O+bV3Vcw==",
        "dependencies": {
          "Newtonsoft.Json": "13.0.3",
          "Supabase.Core": "1.0.0"
        }
      },
      "Supabase.Realtime": {
        "type": "Transitive",
        "resolved": "7.0.2",
        "contentHash": "9nwlR9RR+uyD63VUaiqAPsd76NaeM6ORAHq7otc4G34RzBtf6aqjPg9IF6d1DGIk78/lJP31+D4NJmQhl3PkJQ==",
        "dependencies": {
          "Newtonsoft.Json": "13.0.3",
          "Supabase.Core": "1.0.0",
          "Supabase.Postgrest": "4.0.3",
          "Websocket.Client": "5.1.1"
        }
      },
      "Supabase.Storage": {
        "type": "Transitive",
        "resolved": "2.0.2",
        "contentHash": "YKxgwVgLjxi32ze29FT8aSLifiTVSZSxSyI9taOewp6wuxh+aMIPLKWtGEhFhegLv2iFwGcZ3ybMDkCi6RB7Rw==",
        "dependencies": {
          "MimeMapping": "3.0.1",
          "Newtonsoft.Json": "13.0.3",
          "Supabase.Core": "1.0.0"
        }
      },
      "System.IdentityModel.Tokens.Jwt": {
        "type": "Transitive",
        "resolved": "7.5.1",
        "contentHash": "UUw+E0R73lZLlXgneYIJQxNs1kfbcxjVzw64JQyiwjqCd4HMpAbjn+xRo86QZT84uHq8/MkqvfH82tgjgPzpuw==",
        "dependencies": {
          "Microsoft.IdentityModel.JsonWebTokens": "7.5.1",
          "Microsoft.IdentityModel.Tokens": "7.5.1"
        }
      },
      "System.Reactive": {
        "type": "Transitive",
        "resolved": "6.0.0",
        "contentHash": "31kfaW4ZupZzPsI5PVe77VhnvFF55qgma7KZr/E0iFTs6fmdhhG8j0mgEx620iLTey1EynOkEfnyTjtNEpJzGw=="
      },
      "System.Threading.Channels": {
        "type": "Transitive",
        "resolved": "8.0.0",
        "contentHash": "CMaFr7v+57RW7uZfZkPExsPB6ljwzhjACWW1gfU35Y56rk72B/Wu+sTqxVmGSk4SFUlPc3cjeKND0zktziyjBA=="
      },
      "Websocket.Client": {
        "type": "Transitive",
        "resolved": "5.1.1",
        "contentHash": "VpQV6b8HRnw6bFFIPTOOMtOxba3/viH9K2U2LdOYNjQ2b2HrLHxjodmJr3nPwyNSrtrRPr1RDwOMJ5qqlPnCVg==",
        "dependencies": {
          "Microsoft.Extensions.Logging.Abstractions": "8.0.0",
          "Microsoft.IO.RecyclableMemoryStream": "3.0.0",
          "System.Reactive": "6.0.0",
          "System.Threading.Channels": "8.0.0"
        }
      },
      "kdx.contracts": {
        "type": "Project",
        "dependencies": {
          "Npgsql": "[9.0.3, )"
        }
      },
      "kdx.infrastructure.supabase": {
        "type": "Project",
        "dependencies": {
          "Kdx.Contracts": "[3.2.5, )",
          "Npgsql": "[9.0.3, )",
          "Supabase": "[1.1.1, )"
        }
      }
    }
  }
}